// !$*UTF8*$!
{
	archiveVersion = 1;
	classes = {
	};
	objectVersion = 46;
	objects = {

/* Begin PBXBuildFile section */
		65B08FAA1C77115700E674D1 /* AppDelegate.swift in Sources */ = {isa = PBXBuildFile; fileRef = 65B08FA91C77115700E674D1 /* AppDelegate.swift */; };
		65B08FAC1C77115700E674D1 /* ViewController.swift in Sources */ = {isa = PBXBuildFile; fileRef = 65B08FAB1C77115700E674D1 /* ViewController.swift */; };
		65B08FAF1C77115700E674D1 /* Main.storyboard in Resources */ = {isa = PBXBuildFile; fileRef = 65B08FAD1C77115700E674D1 /* Main.storyboard */; };
		65B08FB21C77115700E674D1 /* LagouGI.xcdatamodeld in Sources */ = {isa = PBXBuildFile; fileRef = 65B08FB01C77115700E674D1 /* LagouGI.xcdatamodeld */; };
		65B08FB41C77115700E674D1 /* Assets.xcassets in Resources */ = {isa = PBXBuildFile; fileRef = 65B08FB31C77115700E674D1 /* Assets.xcassets */; };
		65B08FB71C77115700E674D1 /* LaunchScreen.storyboard in Resources */ = {isa = PBXBuildFile; fileRef = 65B08FB51C77115700E674D1 /* LaunchScreen.storyboard */; };
		65B08FC21C77115700E674D1 /* LagouGITests.swift in Sources */ = {isa = PBXBuildFile; fileRef = 65B08FC11C77115700E674D1 /* LagouGITests.swift */; };
/* End PBXBuildFile section */

/* Begin PBXContainerItemProxy section */
		65B08FBE1C77115700E674D1 /* PBXContainerItemProxy */ = {
			isa = PBXContainerItemProxy;
			containerPortal = 65B08F9E1C77115700E674D1 /* Project object */;
			proxyType = 1;
			remoteGlobalIDString = 65B08FA51C77115700E674D1;
			remoteInfo = LagouGI;
		};
/* End PBXContainerItemProxy section */

/* Begin PBXFileReference section */
		65B08FA61C77115700E674D1 /* LagouGI.app */ = {isa = PBXFileReference; explicitFileType = wrapper.application; includeInIndex = 0; path = LagouGI.app; sourceTree = BUILT_PRODUCTS_DIR; };
		65B08FA91C77115700E674D1 /* AppDelegate.swift */ = {isa = PBXFileReference; lastKnownFileType = sourcecode.swift; path = AppDelegate.swift; sourceTree = "<group>"; };
		65B08FAB1C77115700E674D1 /* ViewController.swift */ = {isa = PBXFileReference; lastKnownFileType = sourcecode.swift; path = ViewController.swift; sourceTree = "<group>"; };
		65B08FAE1C77115700E674D1 /* Base */ = {isa = PBXFileReference; lastKnownFileType = file.storyboard; name = Base; path = Base.lproj/Main.storyboard; sourceTree = "<group>"; };
		65B08FB11C77115700E674D1 /* LagouGI.xcdatamodel */ = {isa = PBXFileReference; lastKnownFileType = wrapper.xcdatamodel; path = LagouGI.xcdatamodel; sourceTree = "<group>"; };
		65B08FB31C77115700E674D1 /* Assets.xcassets */ = {isa = PBXFileReference; lastKnownFileType = folder.assetcatalog; path = Assets.xcassets; sourceTree = "<group>"; };
		65B08FB61C77115700E674D1 /* Base */ = {isa = PBXFileReference; lastKnownFileType = file.storyboard; name = Base; path = Base.lproj/LaunchScreen.storyboard; sourceTree = "<group>"; };
		65B08FB81C77115700E674D1 /* Info.plist */ = {isa = PBXFileReference; lastKnownFileType = text.plist.xml; path = Info.plist; sourceTree = "<group>"; };
		65B08FBD1C77115700E674D1 /* LagouGITests.xctest */ = {isa = PBXFileReference; explicitFileType = wrapper.cfbundle; includeInIndex = 0; path = LagouGITests.xctest; sourceTree = BUILT_PRODUCTS_DIR; };
		65B08FC11C77115700E674D1 /* LagouGITests.swift */ = {isa = PBXFileReference; lastKnownFileType = sourcecode.swift; path = LagouGITests.swift; sourceTree = "<group>"; };
		65B08FC31C77115700E674D1 /* Info.plist */ = {isa = PBXFileReference; lastKnownFileType = text.plist.xml; path = Info.plist; sourceTree = "<group>"; };
/* End PBXFileReference section */

/* Begin PBXFrameworksBuildPhase section */
		65B08FA31C77115700E674D1 /* Frameworks */ = {
			isa = PBXFrameworksBuildPhase;
			buildActionMask = 2147483647;
			files = (
			);
			runOnlyForDeploymentPostprocessing = 0;
		};
		65B08FBA1C77115700E674D1 /* Frameworks */ = {
			isa = PBXFrameworksBuildPhase;
			buildActionMask = 2147483647;
			files = (
			);
			runOnlyForDeploymentPostprocessing = 0;
		};
/* End PBXFrameworksBuildPhase section */

/* Begin PBXGroup section */
		65B08F9D1C77115700E674D1 = {
			isa = PBXGroup;
			children = (
				65B08FA81C77115700E674D1 /* LagouGI */,
				65B08FC01C77115700E674D1 /* LagouGITests */,
				65B08FA71C77115700E674D1 /* Products */,
			);
			sourceTree = "<group>";
		};
		65B08FA71C77115700E674D1 /* Products */ = {
			isa = PBXGroup;
			children = (
				65B08FA61C77115700E674D1 /* LagouGI.app */,
				65B08FBD1C77115700E674D1 /* LagouGITests.xctest */,
			);
			name = Products;
			sourceTree = "<group>";
		};
		65B08FA81C77115700E674D1 /* LagouGI */ = {
			isa = PBXGroup;
			children = (
				65B08FA91C77115700E674D1 /* AppDelegate.swift */,
				65B08FAB1C77115700E674D1 /* ViewController.swift */,
				65B08FAD1C77115700E674D1 /* Main.storyboard */,
				65B08FB31C77115700E674D1 /* Assets.xcassets */,
				65B08FB51C77115700E674D1 /* LaunchScreen.storyboard */,
				65B08FB81C77115700E674D1 /* Info.plist */,
				65B08FB01C77115700E674D1 /* LagouGI.xcdatamodeld */,
			);
			path = LagouGI;
			sourceTree = "<group>";
		};
		65B08FC01C77115700E674D1 /* LagouGITests */ = {
			isa = PBXGroup;
			children = (
				65B08FC11C77115700E674D1 /* LagouGITests.swift */,
				65B08FC31C77115700E674D1 /* Info.plist */,
			);
			path = LagouGITests;
			sourceTree = "<group>";
		};
/* End PBXGroup section */

/* Begin PBXNativeTarget section */
		65B08FA51C77115700E674D1 /* LagouGI */ = {
			isa = PBXNativeTarget;
			buildConfigurationList = 65B08FC61C77115700E674D1 /* Build configuration list for PBXNativeTarget "LagouGI" */;
			buildPhases = (
				65B08FA21C77115700E674D1 /* Sources */,
				65B08FA31C77115700E674D1 /* Frameworks */,
				65B08FA41C77115700E674D1 /* Resources */,
			);
			buildRules = (
			);
			dependencies = (
			);
			name = LagouGI;
			productName = LagouGI;
			productReference = 65B08FA61C77115700E674D1 /* LagouGI.app */;
			productType = "com.apple.product-type.application";
		};
		65B08FBC1C77115700E674D1 /* LagouGITests */ = {
			isa = PBXNativeTarget;
			buildConfigurationList = 65B08FC91C77115700E674D1 /* Build configuration list for PBXNativeTarget "LagouGITests" */;
			buildPhases = (
				65B08FB91C77115700E674D1 /* Sources */,
				65B08FBA1C77115700E674D1 /* Frameworks */,
				65B08FBB1C77115700E674D1 /* Resources */,
			);
			buildRules = (
			);
			dependencies = (
				65B08FBF1C77115700E674D1 /* PBXTargetDependency */,
			);
			name = LagouGITests;
			productName = LagouGITests;
			productReference = 65B08FBD1C77115700E674D1 /* LagouGITests.xctest */;
			productType = "com.apple.product-type.bundle.unit-test";
		};
/* End PBXNativeTarget section */

/* Begin PBXProject section */
		65B08F9E1C77115700E674D1 /* Project object */ = {
			isa = PBXProject;
			attributes = {
				LastSwiftUpdateCheck = 0730;
				LastUpgradeCheck = 0730;
				ORGANIZATIONNAME = Bijiabo;
				TargetAttributes = {
					65B08FA51C77115700E674D1 = {
						CreatedOnToolsVersion = 7.3;
					};
					65B08FBC1C77115700E674D1 = {
						CreatedOnToolsVersion = 7.3;
						TestTargetID = 65B08FA51C77115700E674D1;
					};
				};
			};
			buildConfigurationList = 65B08FA11C77115700E674D1 /* Build configuration list for PBXProject "LagouGI" */;
			compatibilityVersion = "Xcode 3.2";
			developmentRegion = English;
			hasScannedForEncodings = 0;
			knownRegions = (
				en,
				Base,
			);
			mainGroup = 65B08F9D1C77115700E674D1;
			productRefGroup = 65B08FA71C77115700E674D1 /* Products */;
			projectDirPath = "";
			projectRoot = "";
			targets = (
				65B08FA51C77115700E674D1 /* LagouGI */,
				65B08FBC1C77115700E674D1 /* LagouGITests */,
			);
		};
/* End PBXProject section */

/* Begin PBXResourcesBuildPhase section */
		65B08FA41C77115700E674D1 /* Resources */ = {
			isa = PBXResourcesBuildPhase;
			buildActionMask = 2147483647;
			files = (
				65B08FB71C77115700E674D1 /* LaunchScreen.storyboard in Resources */,
				65B08FB41C77115700E674D1 /* Assets.xcassets in Resources */,
				65B08FAF1C77115700E674D1 /* Main.storyboard in Resources */,
			);
			runOnlyForDeploymentPostprocessing = 0;
		};
		65B08FBB1C77115700E674D1 /* Resources */ = {
			isa = PBXResourcesBuildPhase;
			buildActionMask = 2147483647;
			files = (
			);
			runOnlyForDeploymentPostprocessing = 0;
		};
/* End PBXResourcesBuildPhase section */

/* Begin PBXSourcesBuildPhase section */
		65B08FA21C77115700E674D1 /* Sources */ = {
			isa = PBXSourcesBuildPhase;
			buildActionMask = 2147483647;
			files = (
				65B08FAC1C77115700E674D1 /* ViewController.swift in Sources */,
				65B08FB21C77115700E674D1 /* LagouGI.xcdatamodeld in Sources */,
				65B08FAA1C77115700E674D1 /* AppDelegate.swift in Sources */,
			);
			runOnlyForDeploymentPostprocessing = 0;
		};
		65B08FB91C77115700E674D1 /* Sources */ = {
			isa = PBXSourcesBuildPhase;
			buildActionMask = 2147483647;
			files = (
				65B08FC21C77115700E674D1 /* LagouGITests.swift in Sources */,
			);
			runOnlyForDeploymentPostprocessing = 0;
		};
/* End PBXSourcesBuildPhase section */

/* Begin PBXTargetDependency section */
		65B08FBF1C77115700E674D1 /* PBXTargetDependency */ = {
			isa = PBXTargetDependency;
			target = 65B08FA51C77115700E674D1 /* LagouGI */;
			targetProxy = 65B08FBE1C77115700E674D1 /* PBXContainerItemProxy */;
		};
/* End PBXTargetDependency section */

/* Begin PBXVariantGroup section */
		65B08FAD1C77115700E674D1 /* Main.storyboard */ = {
			isa = PBXVariantGroup;
			children = (
				65B08FAE1C77115700E674D1 /* Base */,
			);
			name = Main.storyboard;
			sourceTree = "<group>";
		};
		65B08FB51C77115700E674D1 /* LaunchScreen.storyboard */ = {
			isa = PBXVariantGroup;
			children = (
				65B08FB61C77115700E674D1 /* Base */,
			);
			name = LaunchScreen.storyboard;
			sourceTree = "<group>";
		};
/* End PBXVariantGroup section */

/* Begin XCBuildConfiguration section */
		65B08FC41C77115700E674D1 /* Debug */ = {
			isa = XCBuildConfiguration;
			buildSettings = {
				ALWAYS_SEARCH_USER_PATHS = NO;
				CLANG_CXX_LANGUAGE_STANDARD = "gnu++0x";
				CLANG_CXX_LIBRARY = "libc++";
				CLANG_ENABLE_MODULES = YES;
				CLANG_ENABLE_OBJC_ARC = YES;
				CLANG_WARN_BOOL_CONVERSION = YES;
				CLANG_WARN_CONSTANT_CONVERSION = YES;
				CLANG_WARN_DIRECT_OBJC_ISA_USAGE = YES_ERROR;
				CLANG_WARN_EMPTY_BODY = YES;
				CLANG_WARN_ENUM_CONVERSION = YES;
				CLANG_WARN_INT_CONVERSION = YES;
				CLANG_WARN_OBJC_ROOT_CLASS = YES_ERROR;
				CLANG_WARN_UNREACHABLE_CODE = YES;
				CLANG_WARN__DUPLICATE_METHOD_MATCH = YES;
				"CODE_SIGN_IDENTITY[sdk=iphoneos*]" = "iPhone Developer";
				COPY_PHASE_STRIP = NO;
				DEBUG_INFORMATION_FORMAT = dwarf;
				ENABLE_STRICT_OBJC_MSGSEND = YES;
				ENABLE_TESTABILITY = YES;
				GCC_C_LANGUAGE_STANDARD = gnu99;
				GCC_DYNAMIC_NO_PIC = NO;
				GCC_NO_COMMON_BLOCKS = YES;
				GCC_OPTIMIZATION_LEVEL = 0;
				GCC_PREPROCESSOR_DEFINITIONS = (
					"DEBUG=1",
					"$(inherited)",
				);
				GCC_WARN_64_TO_32_BIT_CONVERSION = YES;
				GCC_WARN_ABOUT_RETURN_TYPE = YES_ERROR;
				GCC_WARN_UNDECLARED_SELECTOR = YES;
				GCC_WARN_UNINITIALIZED_AUTOS = YES_AGGRESSIVE;
				GCC_WARN_UNUSED_FUNCTION = YES;
				GCC_WARN_UNUSED_VARIABLE = YES;
				IPHONEOS_DEPLOYMENT_TARGET = 9.3;
				MTL_ENABLE_DEBUG_INFO = YES;
				ONLY_ACTIVE_ARCH = YES;
				SDKROOT = iphoneos;
				SWIFT_OPTIMIZATION_LEVEL = "-Onone";
			};
			name = Debug;
		};
		65B08FC51C77115700E674D1 /* Release */ = {
			isa = XCBuildConfiguration;
			buildSettings = {
				ALWAYS_SEARCH_USER_PATHS = NO;
				CLANG_CXX_LANGUAGE_STANDARD = "gnu++0x";
				CLANG_CXX_LIBRARY = "libc++";
				CLANG_ENABLE_MODULES = YES;
				CLANG_ENABLE_OBJC_ARC = YES;
				CLANG_WARN_BOOL_CONVERSION = YES;
				CLANG_WARN_CONSTANT_CONVERSION = YES;
				CLANG_WARN_DIRECT_OBJC_ISA_USAGE = YES_ERROR;
				CLANG_WARN_EMPTY_BODY = YES;
				CLANG_WARN_ENUM_CONVERSION = YES;
				CLANG_WARN_INT_CONVERSION = YES;
				CLANG_WARN_OBJC_ROOT_CLASS = YES_ERROR;
				CLANG_WARN_UNREACHABLE_CODE = YES;
				CLANG_WARN__DUPLICATE_METHOD_MATCH = YES;
				"CODE_SIGN_IDENTITY[sdk=iphoneos*]" = "iPhone Developer";
				COPY_PHASE_STRIP = NO;
				DEBUG_INFORMATION_FORMAT = "dwarf-with-dsym";
				ENABLE_NS_ASSERTIONS = NO;
				ENABLE_STRICT_OBJC_MSGSEND = YES;
				GCC_C_LANGUAGE_STANDARD = gnu99;
				GCC_NO_COMMON_BLOCKS = YES;
				GCC_WARN_64_TO_32_BIT_CONVERSION = YES;
				GCC_WARN_ABOUT_RETURN_TYPE = YES_ERROR;
				GCC_WARN_UNDECLARED_SELECTOR = YES;
				GCC_WARN_UNINITIALIZED_AUTOS = YES_AGGRESSIVE;
				GCC_WARN_UNUSED_FUNCTION = YES;
				GCC_WARN_UNUSED_VARIABLE = YES;
				IPHONEOS_DEPLOYMENT_TARGET = 9.3;
				MTL_ENABLE_DEBUG_INFO = NO;
				SDKROOT = iphoneos;
				VALIDATE_PRODUCT = YES;
			};
			name = Release;
		};
		65B08FC71C77115700E674D1 /* Debug */ = {
			isa = XCBuildConfiguration;
			buildSettings = {
				ASSETCATALOG_COMPILER_APPICON_NAME = AppIcon;
				INFOPLIST_FILE = LagouGI/Info.plist;
				LD_RUNPATH_SEARCH_PATHS = "$(inherited) @executable_path/Frameworks";
				PRODUCT_BUNDLE_IDENTIFIER = com.bijiabo.LagouGI;
				PRODUCT_NAME = "$(TARGET_NAME)";
			};
			name = Debug;
		};
		65B08FC81C77115700E674D1 /* Release */ = {
			isa = XCBuildConfiguration;
			buildSettings = {
				ASSETCATALOG_COMPILER_APPICON_NAME = AppIcon;
				INFOPLIST_FILE = LagouGI/Info.plist;
				LD_RUNPATH_SEARCH_PATHS = "$(inherited) @executable_path/Frameworks";
				PRODUCT_BUNDLE_IDENTIFIER = com.bijiabo.LagouGI;
				PRODUCT_NAME = "$(TARGET_NAME)";
			};
			name = Release;
		};
		65B08FCA1C77115700E674D1 /* Debug */ = {
			isa = XCBuildConfiguration;
			buildSettings = {
				BUNDLE_LOADER = "$(TEST_HOST)";
				INFOPLIST_FILE = LagouGITests/Info.plist;
				LD_RUNPATH_SEARCH_PATHS = "$(inherited) @executable_path/Frameworks @loader_path/Frameworks";
				PRODUCT_BUNDLE_IDENTIFIER = com.bijiabo.LagouGITests;
				PRODUCT_NAME = "$(TARGET_NAME)";
				TEST_HOST = "$(BUILT_PRODUCTS_DIR)/LagouGI.app/LagouGI";
			};
			name = Debug;
		};
		65B08FCB1C77115700E674D1 /* Release */ = {
			isa = XCBuildConfiguration;
			buildSettings = {
				BUNDLE_LOADER = "$(TEST_HOST)";
				INFOPLIST_FILE = LagouGITests/Info.plist;
				LD_RUNPATH_SEARCH_PATHS = "$(inherited) @executable_path/Frameworks @loader_path/Frameworks";
				PRODUCT_BUNDLE_IDENTIFIER = com.bijiabo.LagouGITests;
				PRODUCT_NAME = "$(TARGET_NAME)";
				TEST_HOST = "$(BUILT_PRODUCTS_DIR)/LagouGI.app/LagouGI";
			};
			name = Release;
		};
/* End XCBuildConfiguration section */

/* Begin XCConfigurationList section */
		65B08FA11C77115700E674D1 /* Build configuration list for PBXProject "LagouGI" */ = {
			isa = XCConfigurationList;
			buildConfigurations = (
				65B08FC41C77115700E674D1 /* Debug */,
				65B08FC51C77115700E674D1 /* Release */,
			);
			defaultConfigurationIsVisible = 0;
			defaultConfigurationName = Release;
		};
		65B08FC61C77115700E674D1 /* Build configuration list for PBXNativeTarget "LagouGI" */ = {
			isa = XCConfigurationList;
			buildConfigurations = (
				65B08FC71C77115700E674D1 /* Debug */,
				65B08FC81C77115700E674D1 /* Release */,
			);
			defaultConfigurationIsVisible = 0;
		};
		65B08FC91C77115700E674D1 /* Build configuration list for PBXNativeTarget "LagouGITests" */ = {
			isa = XCConfigurationList;
			buildConfigurations = (
				65B08FCA1C77115700E674D1 /* Debug */,
				65B08FCB1C77115700E674D1 /* Release */,
			);
			defaultConfigurationIsVisible = 0;
		};
/* End XCConfigurationList section */

/* Begin XCVersionGroup section */
		65B08FB01C77115700E674D1 /* LagouGI.xcdatamodeld */ = {
			isa = XCVersionGroup;
			children = (
				65B08FB11C77115700E674D1 /* LagouGI.xcdatamodel */,
			);
			currentVersion = 65B08FB11C77115700E674D1 /* LagouGI.xcdatamodel */;
			path = LagouGI.xcdatamodeld;
			sourceTree = "<group>";
			versionGroupType = wrapper.xcdatamodel;
		};
/* End XCVersionGroup section */
	};
	rootObject = 65B08F9E1C77115700E674D1 /* Project object */;
}
