// !$*UTF8*$!
{
	archiveVersion = 1;
	classes = {
	};
	objectVersion = 46;
	objects = {

/* Begin PBXBuildFile section */
		6511DA241C77163C004EC1A3 /* PositionListTableViewController.swift in Sources */ = {isa = PBXBuildFile; fileRef = 6511DA201C77163C004EC1A3 /* PositionListTableViewController.swift */; };
		6511DA251C77163C004EC1A3 /* PositionListTableViewCell.swift in Sources */ = {isa = PBXBuildFile; fileRef = 6511DA211C77163C004EC1A3 /* PositionListTableViewCell.swift */; };
		6511DA261C77163C004EC1A3 /* AMapSwift-Bridging-Header.h in Sources */ = {isa = PBXBuildFile; fileRef = 6511DA221C77163C004EC1A3 /* AMapSwift-Bridging-Header.h */; };
		6511DA271C77163C004EC1A3 /* Alamofire-SwiftyJSON.swift in Sources */ = {isa = PBXBuildFile; fileRef = 6511DA231C77163C004EC1A3 /* Alamofire-SwiftyJSON.swift */; };
		6511DA2B1C771E13004EC1A3 /* AMapSearchKit.framework in Frameworks */ = {isa = PBXBuildFile; fileRef = 6511DA291C771E13004EC1A3 /* AMapSearchKit.framework */; };
		6591DBBB1C7712310020B3D3 /* AlamofireImage.framework in Frameworks */ = {isa = PBXBuildFile; fileRef = 6591DBB61C7712310020B3D3 /* AlamofireImage.framework */; };
		6591DBBC1C7712310020B3D3 /* AlamofireImage.framework in Embed Frameworks */ = {isa = PBXBuildFile; fileRef = 6591DBB61C7712310020B3D3 /* AlamofireImage.framework */; settings = {ATTRIBUTES = (CodeSignOnCopy, RemoveHeadersOnCopy, ); }; };
		6591DBBD1C7712310020B3D3 /* SwiftyJSON.framework in Frameworks */ = {isa = PBXBuildFile; fileRef = 6591DBB71C7712310020B3D3 /* SwiftyJSON.framework */; };
		6591DBBE1C7712310020B3D3 /* SwiftyJSON.framework in Embed Frameworks */ = {isa = PBXBuildFile; fileRef = 6591DBB71C7712310020B3D3 /* SwiftyJSON.framework */; settings = {ATTRIBUTES = (CodeSignOnCopy, RemoveHeadersOnCopy, ); }; };
		6591DBBF1C7712310020B3D3 /* Alamofire.framework in Frameworks */ = {isa = PBXBuildFile; fileRef = 6591DBB81C7712310020B3D3 /* Alamofire.framework */; };
		6591DBC01C7712310020B3D3 /* Alamofire.framework in Embed Frameworks */ = {isa = PBXBuildFile; fileRef = 6591DBB81C7712310020B3D3 /* Alamofire.framework */; settings = {ATTRIBUTES = (CodeSignOnCopy, RemoveHeadersOnCopy, ); }; };
		6591DBC71C7712620020B3D3 /* libstdc++.6.0.9.tbd in Frameworks */ = {isa = PBXBuildFile; fileRef = 6591DBC61C7712620020B3D3 /* libstdc++.6.0.9.tbd */; };
		6591DBC91C77126D0020B3D3 /* Security.framework in Frameworks */ = {isa = PBXBuildFile; fileRef = 6591DBC81C77126D0020B3D3 /* Security.framework */; };
		6591DBCB1C7712750020B3D3 /* libstdc++.tbd in Frameworks */ = {isa = PBXBuildFile; fileRef = 6591DBCA1C7712750020B3D3 /* libstdc++.tbd */; };
		6591DBCD1C77127D0020B3D3 /* SystemConfiguration.framework in Frameworks */ = {isa = PBXBuildFile; fileRef = 6591DBCC1C77127D0020B3D3 /* SystemConfiguration.framework */; };
		6591DBCF1C7712850020B3D3 /* CoreTelephony.framework in Frameworks */ = {isa = PBXBuildFile; fileRef = 6591DBCE1C7712850020B3D3 /* CoreTelephony.framework */; };
		6591DBD11C77128F0020B3D3 /* CoreLocation.framework in Frameworks */ = {isa = PBXBuildFile; fileRef = 6591DBD01C77128F0020B3D3 /* CoreLocation.framework */; };
		6591DBD31C7712960020B3D3 /* OpenGLES.framework in Frameworks */ = {isa = PBXBuildFile; fileRef = 6591DBD21C7712960020B3D3 /* OpenGLES.framework */; };
		6591DBD51C7712A70020B3D3 /* QuartzCore.framework in Frameworks */ = {isa = PBXBuildFile; fileRef = 6591DBD41C7712A70020B3D3 /* QuartzCore.framework */; };
		6591DBD71C7712B00020B3D3 /* CoreGraphics.framework in Frameworks */ = {isa = PBXBuildFile; fileRef = 6591DBD61C7712B00020B3D3 /* CoreGraphics.framework */; };
		6591DBD91C7712B80020B3D3 /* CoreFoundation.framework in Frameworks */ = {isa = PBXBuildFile; fileRef = 6591DBD81C7712B80020B3D3 /* CoreFoundation.framework */; };
		6591DBDB1C7712C10020B3D3 /* UIKit.framework in Frameworks */ = {isa = PBXBuildFile; fileRef = 6591DBDA1C7712C10020B3D3 /* UIKit.framework */; };
		6591DBDD1C7712D10020B3D3 /* libz.tbd in Frameworks */ = {isa = PBXBuildFile; fileRef = 6591DBDC1C7712D10020B3D3 /* libz.tbd */; };
		659444BD1C77448500E7932D /* Fuzi.framework in Frameworks */ = {isa = PBXBuildFile; fileRef = 659444BC1C77448500E7932D /* Fuzi.framework */; };
		659444BE1C77448500E7932D /* Fuzi.framework in Embed Frameworks */ = {isa = PBXBuildFile; fileRef = 659444BC1C77448500E7932D /* Fuzi.framework */; settings = {ATTRIBUTES = (CodeSignOnCopy, RemoveHeadersOnCopy, ); }; };
		65B08FAA1C77115700E674D1 /* AppDelegate.swift in Sources */ = {isa = PBXBuildFile; fileRef = 65B08FA91C77115700E674D1 /* AppDelegate.swift */; };
		65B08FAF1C77115700E674D1 /* Main.storyboard in Resources */ = {isa = PBXBuildFile; fileRef = 65B08FAD1C77115700E674D1 /* Main.storyboard */; };
		65B08FB21C77115700E674D1 /* LagouGI.xcdatamodeld in Sources */ = {isa = PBXBuildFile; fileRef = 65B08FB01C77115700E674D1 /* LagouGI.xcdatamodeld */; };
		65B08FB41C77115700E674D1 /* Assets.xcassets in Resources */ = {isa = PBXBuildFile; fileRef = 65B08FB31C77115700E674D1 /* Assets.xcassets */; };
		65B08FB71C77115700E674D1 /* LaunchScreen.storyboard in Resources */ = {isa = PBXBuildFile; fileRef = 65B08FB51C77115700E674D1 /* LaunchScreen.storyboard */; };
		65B08FC21C77115700E674D1 /* LagouGITests.swift in Sources */ = {isa = PBXBuildFile; fileRef = 65B08FC11C77115700E674D1 /* LagouGITests.swift */; };
		65C8FC5F1C774D1100C11DD6 /* AMapNaviKit.framework in Frameworks */ = {isa = PBXBuildFile; fileRef = 65C8FC5E1C774D1100C11DD6 /* AMapNaviKit.framework */; };
		65C8FC611C774D4C00C11DD6 /* AddressBook.framework in Frameworks */ = {isa = PBXBuildFile; fileRef = 65C8FC601C774D4C00C11DD6 /* AddressBook.framework */; };
		65C8FC631C774D5400C11DD6 /* AVFoundation.framework in Frameworks */ = {isa = PBXBuildFile; fileRef = 65C8FC621C774D5400C11DD6 /* AVFoundation.framework */; };
		65C8FC651C774D5C00C11DD6 /* AudioToolbox.framework in Frameworks */ = {isa = PBXBuildFile; fileRef = 65C8FC641C774D5C00C11DD6 /* AudioToolbox.framework */; };
		65C8FC681C774DA600C11DD6 /* AMap.bundle in Resources */ = {isa = PBXBuildFile; fileRef = 65C8FC661C774DA600C11DD6 /* AMap.bundle */; };
		65C8FC691C774DA600C11DD6 /* AMapNavi.bundle in Resources */ = {isa = PBXBuildFile; fileRef = 65C8FC671C774DA600C11DD6 /* AMapNavi.bundle */; };
		65C8FC6E1C7812C800C11DD6 /* WebBrowserViewController.swift in Sources */ = {isa = PBXBuildFile; fileRef = 65C8FC6D1C7812C800C11DD6 /* WebBrowserViewController.swift */; };
		65C8FC761C783C8300C11DD6 /* blockerList.json in Resources */ = {isa = PBXBuildFile; fileRef = 65C8FC751C783C8300C11DD6 /* blockerList.json */; };
		65C8FC781C783C8300C11DD6 /* ActionRequestHandler.swift in Sources */ = {isa = PBXBuildFile; fileRef = 65C8FC771C783C8300C11DD6 /* ActionRequestHandler.swift */; };
		65C8FC7C1C783C8300C11DD6 /* LagouBlocker.appex in Embed App Extensions */ = {isa = PBXBuildFile; fileRef = 65C8FC731C783C8300C11DD6 /* LagouBlocker.appex */; settings = {ATTRIBUTES = (RemoveHeadersOnCopy, ); }; };
/* End PBXBuildFile section */

/* Begin PBXContainerItemProxy section */
		65B08FBE1C77115700E674D1 /* PBXContainerItemProxy */ = {
			isa = PBXContainerItemProxy;
			containerPortal = 65B08F9E1C77115700E674D1 /* Project object */;
			proxyType = 1;
			remoteGlobalIDString = 65B08FA51C77115700E674D1;
			remoteInfo = LagouGI;
		};
		65C8FC7A1C783C8300C11DD6 /* PBXContainerItemProxy */ = {
			isa = PBXContainerItemProxy;
			containerPortal = 65B08F9E1C77115700E674D1 /* Project object */;
			proxyType = 1;
			remoteGlobalIDString = 65C8FC721C783C8300C11DD6;
			remoteInfo = LagouBlocker;
		};
/* End PBXContainerItemProxy section */

/* Begin PBXCopyFilesBuildPhase section */
		6591DBC51C7712310020B3D3 /* Embed Frameworks */ = {
			isa = PBXCopyFilesBuildPhase;
			buildActionMask = 2147483647;
			dstPath = "";
			dstSubfolderSpec = 10;
			files = (
				659444BE1C77448500E7932D /* Fuzi.framework in Embed Frameworks */,
				6591DBBE1C7712310020B3D3 /* SwiftyJSON.framework in Embed Frameworks */,
				6591DBC01C7712310020B3D3 /* Alamofire.framework in Embed Frameworks */,
				6591DBBC1C7712310020B3D3 /* AlamofireImage.framework in Embed Frameworks */,
			);
			name = "Embed Frameworks";
			runOnlyForDeploymentPostprocessing = 0;
		};
		65C8FC801C783C8300C11DD6 /* Embed App Extensions */ = {
			isa = PBXCopyFilesBuildPhase;
			buildActionMask = 2147483647;
			dstPath = "";
			dstSubfolderSpec = 13;
			files = (
				65C8FC7C1C783C8300C11DD6 /* LagouBlocker.appex in Embed App Extensions */,
			);
			name = "Embed App Extensions";
			runOnlyForDeploymentPostprocessing = 0;
		};
/* End PBXCopyFilesBuildPhase section */

/* Begin PBXFileReference section */
		6511DA201C77163C004EC1A3 /* PositionListTableViewController.swift */ = {isa = PBXFileReference; lastKnownFileType = sourcecode.swift; path = PositionListTableViewController.swift; sourceTree = "<group>"; };
		6511DA211C77163C004EC1A3 /* PositionListTableViewCell.swift */ = {isa = PBXFileReference; lastKnownFileType = sourcecode.swift; path = PositionListTableViewCell.swift; sourceTree = "<group>"; };
		6511DA221C77163C004EC1A3 /* AMapSwift-Bridging-Header.h */ = {isa = PBXFileReference; lastKnownFileType = sourcecode.c.h; path = "AMapSwift-Bridging-Header.h"; sourceTree = "<group>"; };
		6511DA231C77163C004EC1A3 /* Alamofire-SwiftyJSON.swift */ = {isa = PBXFileReference; lastKnownFileType = sourcecode.swift; name = "Alamofire-SwiftyJSON.swift"; path = "../Alamofire-SwiftyJSON.swift"; sourceTree = "<group>"; };
		6511DA281C771E13004EC1A3 /* MAMapKit.framework */ = {isa = PBXFileReference; lastKnownFileType = wrapper.framework; name = MAMapKit.framework; path = SDK/MAMapKit.framework; sourceTree = "<group>"; };
		6511DA291C771E13004EC1A3 /* AMapSearchKit.framework */ = {isa = PBXFileReference; lastKnownFileType = wrapper.framework; name = AMapSearchKit.framework; path = SDK/AMapSearchKit.framework; sourceTree = "<group>"; };
		6591DBB61C7712310020B3D3 /* AlamofireImage.framework */ = {isa = PBXFileReference; lastKnownFileType = wrapper.framework; name = AlamofireImage.framework; path = Carthage/Build/iOS/AlamofireImage.framework; sourceTree = "<group>"; };
		6591DBB71C7712310020B3D3 /* SwiftyJSON.framework */ = {isa = PBXFileReference; lastKnownFileType = wrapper.framework; name = SwiftyJSON.framework; path = Carthage/Build/iOS/SwiftyJSON.framework; sourceTree = "<group>"; };
		6591DBB81C7712310020B3D3 /* Alamofire.framework */ = {isa = PBXFileReference; lastKnownFileType = wrapper.framework; name = Alamofire.framework; path = Carthage/Build/iOS/Alamofire.framework; sourceTree = "<group>"; };
		6591DBC61C7712620020B3D3 /* libstdc++.6.0.9.tbd */ = {isa = PBXFileReference; lastKnownFileType = "sourcecode.text-based-dylib-definition"; name = "libstdc++.6.0.9.tbd"; path = "usr/lib/libstdc++.6.0.9.tbd"; sourceTree = SDKROOT; };
		6591DBC81C77126D0020B3D3 /* Security.framework */ = {isa = PBXFileReference; lastKnownFileType = wrapper.framework; name = Security.framework; path = System/Library/Frameworks/Security.framework; sourceTree = SDKROOT; };
		6591DBCA1C7712750020B3D3 /* libstdc++.tbd */ = {isa = PBXFileReference; lastKnownFileType = "sourcecode.text-based-dylib-definition"; name = "libstdc++.tbd"; path = "usr/lib/libstdc++.tbd"; sourceTree = SDKROOT; };
		6591DBCC1C77127D0020B3D3 /* SystemConfiguration.framework */ = {isa = PBXFileReference; lastKnownFileType = wrapper.framework; name = SystemConfiguration.framework; path = System/Library/Frameworks/SystemConfiguration.framework; sourceTree = SDKROOT; };
		6591DBCE1C7712850020B3D3 /* CoreTelephony.framework */ = {isa = PBXFileReference; lastKnownFileType = wrapper.framework; name = CoreTelephony.framework; path = System/Library/Frameworks/CoreTelephony.framework; sourceTree = SDKROOT; };
		6591DBD01C77128F0020B3D3 /* CoreLocation.framework */ = {isa = PBXFileReference; lastKnownFileType = wrapper.framework; name = CoreLocation.framework; path = System/Library/Frameworks/CoreLocation.framework; sourceTree = SDKROOT; };
		6591DBD21C7712960020B3D3 /* OpenGLES.framework */ = {isa = PBXFileReference; lastKnownFileType = wrapper.framework; name = OpenGLES.framework; path = System/Library/Frameworks/OpenGLES.framework; sourceTree = SDKROOT; };
		6591DBD41C7712A70020B3D3 /* QuartzCore.framework */ = {isa = PBXFileReference; lastKnownFileType = wrapper.framework; name = QuartzCore.framework; path = System/Library/Frameworks/QuartzCore.framework; sourceTree = SDKROOT; };
		6591DBD61C7712B00020B3D3 /* CoreGraphics.framework */ = {isa = PBXFileReference; lastKnownFileType = wrapper.framework; name = CoreGraphics.framework; path = System/Library/Frameworks/CoreGraphics.framework; sourceTree = SDKROOT; };
		6591DBD81C7712B80020B3D3 /* CoreFoundation.framework */ = {isa = PBXFileReference; lastKnownFileType = wrapper.framework; name = CoreFoundation.framework; path = System/Library/Frameworks/CoreFoundation.framework; sourceTree = SDKROOT; };
		6591DBDA1C7712C10020B3D3 /* UIKit.framework */ = {isa = PBXFileReference; lastKnownFileType = wrapper.framework; name = UIKit.framework; path = System/Library/Frameworks/UIKit.framework; sourceTree = SDKROOT; };
		6591DBDC1C7712D10020B3D3 /* libz.tbd */ = {isa = PBXFileReference; lastKnownFileType = "sourcecode.text-based-dylib-definition"; name = libz.tbd; path = usr/lib/libz.tbd; sourceTree = SDKROOT; };
		659444BC1C77448500E7932D /* Fuzi.framework */ = {isa = PBXFileReference; lastKnownFileType = wrapper.framework; name = Fuzi.framework; path = Carthage/Build/iOS/Fuzi.framework; sourceTree = "<group>"; };
		65B08FA61C77115700E674D1 /* LagouGI.app */ = {isa = PBXFileReference; explicitFileType = wrapper.application; includeInIndex = 0; path = LagouGI.app; sourceTree = BUILT_PRODUCTS_DIR; };
		65B08FA91C77115700E674D1 /* AppDelegate.swift */ = {isa = PBXFileReference; lastKnownFileType = sourcecode.swift; path = AppDelegate.swift; sourceTree = "<group>"; };
		65B08FAE1C77115700E674D1 /* Base */ = {isa = PBXFileReference; lastKnownFileType = file.storyboard; name = Base; path = Base.lproj/Main.storyboard; sourceTree = "<group>"; };
		65B08FB11C77115700E674D1 /* LagouGI.xcdatamodel */ = {isa = PBXFileReference; lastKnownFileType = wrapper.xcdatamodel; path = LagouGI.xcdatamodel; sourceTree = "<group>"; };
		65B08FB31C77115700E674D1 /* Assets.xcassets */ = {isa = PBXFileReference; lastKnownFileType = folder.assetcatalog; path = Assets.xcassets; sourceTree = "<group>"; };
		65B08FB61C77115700E674D1 /* Base */ = {isa = PBXFileReference; lastKnownFileType = file.storyboard; name = Base; path = Base.lproj/LaunchScreen.storyboard; sourceTree = "<group>"; };
		65B08FB81C77115700E674D1 /* Info.plist */ = {isa = PBXFileReference; lastKnownFileType = text.plist.xml; path = Info.plist; sourceTree = "<group>"; };
		65B08FBD1C77115700E674D1 /* LagouGITests.xctest */ = {isa = PBXFileReference; explicitFileType = wrapper.cfbundle; includeInIndex = 0; path = LagouGITests.xctest; sourceTree = BUILT_PRODUCTS_DIR; };
		65B08FC11C77115700E674D1 /* LagouGITests.swift */ = {isa = PBXFileReference; lastKnownFileType = sourcecode.swift; path = LagouGITests.swift; sourceTree = "<group>"; };
		65B08FC31C77115700E674D1 /* Info.plist */ = {isa = PBXFileReference; lastKnownFileType = text.plist.xml; path = Info.plist; sourceTree = "<group>"; };
		65C8FC5E1C774D1100C11DD6 /* AMapNaviKit.framework */ = {isa = PBXFileReference; lastKnownFileType = wrapper.framework; name = AMapNaviKit.framework; path = SDK/AMapNaviKit.framework; sourceTree = "<group>"; };
		65C8FC601C774D4C00C11DD6 /* AddressBook.framework */ = {isa = PBXFileReference; lastKnownFileType = wrapper.framework; name = AddressBook.framework; path = System/Library/Frameworks/AddressBook.framework; sourceTree = SDKROOT; };
		65C8FC621C774D5400C11DD6 /* AVFoundation.framework */ = {isa = PBXFileReference; lastKnownFileType = wrapper.framework; name = AVFoundation.framework; path = System/Library/Frameworks/AVFoundation.framework; sourceTree = SDKROOT; };
		65C8FC641C774D5C00C11DD6 /* AudioToolbox.framework */ = {isa = PBXFileReference; lastKnownFileType = wrapper.framework; name = AudioToolbox.framework; path = System/Library/Frameworks/AudioToolbox.framework; sourceTree = SDKROOT; };
		65C8FC661C774DA600C11DD6 /* AMap.bundle */ = {isa = PBXFileReference; lastKnownFileType = "wrapper.plug-in"; name = AMap.bundle; path = SDK/AMapNaviKit.framework/Versions/1.5.0.3533b29/Resources/AMap.bundle; sourceTree = "<group>"; };
		65C8FC671C774DA600C11DD6 /* AMapNavi.bundle */ = {isa = PBXFileReference; lastKnownFileType = "wrapper.plug-in"; name = AMapNavi.bundle; path = SDK/AMapNaviKit.framework/Versions/1.5.0.3533b29/Resources/AMapNavi.bundle; sourceTree = "<group>"; };
		65C8FC6D1C7812C800C11DD6 /* WebBrowserViewController.swift */ = {isa = PBXFileReference; fileEncoding = 4; lastKnownFileType = sourcecode.swift; path = WebBrowserViewController.swift; sourceTree = "<group>"; };
		65C8FC731C783C8300C11DD6 /* LagouBlocker.appex */ = {isa = PBXFileReference; explicitFileType = "wrapper.app-extension"; includeInIndex = 0; path = LagouBlocker.appex; sourceTree = BUILT_PRODUCTS_DIR; };
		65C8FC751C783C8300C11DD6 /* blockerList.json */ = {isa = PBXFileReference; lastKnownFileType = text.json; path = blockerList.json; sourceTree = "<group>"; };
		65C8FC771C783C8300C11DD6 /* ActionRequestHandler.swift */ = {isa = PBXFileReference; lastKnownFileType = sourcecode.swift; path = ActionRequestHandler.swift; sourceTree = "<group>"; };
		65C8FC791C783C8300C11DD6 /* Info.plist */ = {isa = PBXFileReference; lastKnownFileType = text.plist.xml; path = Info.plist; sourceTree = "<group>"; };
/* End PBXFileReference section */

/* Begin PBXFrameworksBuildPhase section */
		65B08FA31C77115700E674D1 /* Frameworks */ = {
			isa = PBXFrameworksBuildPhase;
			buildActionMask = 2147483647;
			files = (
				6591DBD11C77128F0020B3D3 /* CoreLocation.framework in Frameworks */,
				6591DBCD1C77127D0020B3D3 /* SystemConfiguration.framework in Frameworks */,
				6591DBCF1C7712850020B3D3 /* CoreTelephony.framework in Frameworks */,
				65C8FC651C774D5C00C11DD6 /* AudioToolbox.framework in Frameworks */,
				65C8FC631C774D5400C11DD6 /* AVFoundation.framework in Frameworks */,
				65C8FC611C774D4C00C11DD6 /* AddressBook.framework in Frameworks */,
				65C8FC5F1C774D1100C11DD6 /* AMapNaviKit.framework in Frameworks */,
				6511DA2B1C771E13004EC1A3 /* AMapSearchKit.framework in Frameworks */,
				6591DBDD1C7712D10020B3D3 /* libz.tbd in Frameworks */,
				6591DBDB1C7712C10020B3D3 /* UIKit.framework in Frameworks */,
				6591DBD91C7712B80020B3D3 /* CoreFoundation.framework in Frameworks */,
				6591DBD71C7712B00020B3D3 /* CoreGraphics.framework in Frameworks */,
				6591DBD51C7712A70020B3D3 /* QuartzCore.framework in Frameworks */,
				6591DBD31C7712960020B3D3 /* OpenGLES.framework in Frameworks */,
				6591DBCB1C7712750020B3D3 /* libstdc++.tbd in Frameworks */,
				6591DBC91C77126D0020B3D3 /* Security.framework in Frameworks */,
				6591DBC71C7712620020B3D3 /* libstdc++.6.0.9.tbd in Frameworks */,
				6591DBBD1C7712310020B3D3 /* SwiftyJSON.framework in Frameworks */,
				6591DBBF1C7712310020B3D3 /* Alamofire.framework in Frameworks */,
				659444BD1C77448500E7932D /* Fuzi.framework in Frameworks */,
				6591DBBB1C7712310020B3D3 /* AlamofireImage.framework in Frameworks */,
			);
			runOnlyForDeploymentPostprocessing = 0;
		};
		65B08FBA1C77115700E674D1 /* Frameworks */ = {
			isa = PBXFrameworksBuildPhase;
			buildActionMask = 2147483647;
			files = (
			);
			runOnlyForDeploymentPostprocessing = 0;
		};
		65C8FC701C783C8300C11DD6 /* Frameworks */ = {
			isa = PBXFrameworksBuildPhase;
			buildActionMask = 2147483647;
			files = (
			);
			runOnlyForDeploymentPostprocessing = 0;
		};
/* End PBXFrameworksBuildPhase section */

/* Begin PBXGroup section */
		6591DBDE1C7713060020B3D3 /* FrameWorks */ = {
			isa = PBXGroup;
			children = (
				65C8FC641C774D5C00C11DD6 /* AudioToolbox.framework */,
				65C8FC621C774D5400C11DD6 /* AVFoundation.framework */,
				65C8FC601C774D4C00C11DD6 /* AddressBook.framework */,
				65C8FC5E1C774D1100C11DD6 /* AMapNaviKit.framework */,
				659444BC1C77448500E7932D /* Fuzi.framework */,
				6511DA281C771E13004EC1A3 /* MAMapKit.framework */,
				6511DA291C771E13004EC1A3 /* AMapSearchKit.framework */,
				6591DBDC1C7712D10020B3D3 /* libz.tbd */,
				6591DBDA1C7712C10020B3D3 /* UIKit.framework */,
				6591DBD81C7712B80020B3D3 /* CoreFoundation.framework */,
				6591DBD61C7712B00020B3D3 /* CoreGraphics.framework */,
				6591DBD41C7712A70020B3D3 /* QuartzCore.framework */,
				6591DBD21C7712960020B3D3 /* OpenGLES.framework */,
				6591DBD01C77128F0020B3D3 /* CoreLocation.framework */,
				6591DBCE1C7712850020B3D3 /* CoreTelephony.framework */,
				6591DBCC1C77127D0020B3D3 /* SystemConfiguration.framework */,
				6591DBCA1C7712750020B3D3 /* libstdc++.tbd */,
				6591DBC81C77126D0020B3D3 /* Security.framework */,
				6591DBC61C7712620020B3D3 /* libstdc++.6.0.9.tbd */,
				6591DBB61C7712310020B3D3 /* AlamofireImage.framework */,
				6591DBB71C7712310020B3D3 /* SwiftyJSON.framework */,
				6591DBB81C7712310020B3D3 /* Alamofire.framework */,
			);
			name = FrameWorks;
			sourceTree = "<group>";
		};
		6591DBE01C77131F0020B3D3 /* Controllers */ = {
			isa = PBXGroup;
			children = (
				6511DA201C77163C004EC1A3 /* PositionListTableViewController.swift */,
				65C8FC6D1C7812C800C11DD6 /* WebBrowserViewController.swift */,
			);
			path = Controllers;
			sourceTree = "<group>";
		};
		6591DBE11C77132C0020B3D3 /* Views */ = {
			isa = PBXGroup;
			children = (
				6511DA211C77163C004EC1A3 /* PositionListTableViewCell.swift */,
			);
			path = Views;
			sourceTree = "<group>";
		};
		65B08F9D1C77115700E674D1 = {
			isa = PBXGroup;
			children = (
				65C8FC661C774DA600C11DD6 /* AMap.bundle */,
				65C8FC671C774DA600C11DD6 /* AMapNavi.bundle */,
				6591DBDE1C7713060020B3D3 /* FrameWorks */,
				65B08FA81C77115700E674D1 /* LagouGI */,
				65B08FC01C77115700E674D1 /* LagouGITests */,
				65C8FC741C783C8300C11DD6 /* LagouBlocker */,
				65B08FA71C77115700E674D1 /* Products */,
			);
			sourceTree = "<group>";
		};
		65B08FA71C77115700E674D1 /* Products */ = {
			isa = PBXGroup;
			children = (
				65B08FA61C77115700E674D1 /* LagouGI.app */,
				65B08FBD1C77115700E674D1 /* LagouGITests.xctest */,
				65C8FC731C783C8300C11DD6 /* LagouBlocker.appex */,
			);
			name = Products;
			sourceTree = "<group>";
		};
		65B08FA81C77115700E674D1 /* LagouGI */ = {
			isa = PBXGroup;
			children = (
				6511DA221C77163C004EC1A3 /* AMapSwift-Bridging-Header.h */,
				6511DA231C77163C004EC1A3 /* Alamofire-SwiftyJSON.swift */,
				6591DBE11C77132C0020B3D3 /* Views */,
				6591DBE01C77131F0020B3D3 /* Controllers */,
				65B08FA91C77115700E674D1 /* AppDelegate.swift */,
				65B08FAD1C77115700E674D1 /* Main.storyboard */,
				65B08FB31C77115700E674D1 /* Assets.xcassets */,
				65B08FB51C77115700E674D1 /* LaunchScreen.storyboard */,
				65B08FB81C77115700E674D1 /* Info.plist */,
				65B08FB01C77115700E674D1 /* LagouGI.xcdatamodeld */,
			);
			path = LagouGI;
			sourceTree = "<group>";
		};
		65B08FC01C77115700E674D1 /* LagouGITests */ = {
			isa = PBXGroup;
			children = (
				65B08FC11C77115700E674D1 /* LagouGITests.swift */,
				65B08FC31C77115700E674D1 /* Info.plist */,
			);
			path = LagouGITests;
			sourceTree = "<group>";
		};
		65C8FC741C783C8300C11DD6 /* LagouBlocker */ = {
			isa = PBXGroup;
			children = (
				65C8FC751C783C8300C11DD6 /* blockerList.json */,
				65C8FC771C783C8300C11DD6 /* ActionRequestHandler.swift */,
				65C8FC791C783C8300C11DD6 /* Info.plist */,
			);
			path = LagouBlocker;
			sourceTree = "<group>";
		};
/* End PBXGroup section */

/* Begin PBXNativeTarget section */
		65B08FA51C77115700E674D1 /* LagouGI */ = {
			isa = PBXNativeTarget;
			buildConfigurationList = 65B08FC61C77115700E674D1 /* Build configuration list for PBXNativeTarget "LagouGI" */;
			buildPhases = (
				65B08FA21C77115700E674D1 /* Sources */,
				65B08FA31C77115700E674D1 /* Frameworks */,
				65B08FA41C77115700E674D1 /* Resources */,
				6591DBC51C7712310020B3D3 /* Embed Frameworks */,
				65B4FAA41C771456008BF3A0 /* ShellScript */,
				65C8FC801C783C8300C11DD6 /* Embed App Extensions */,
			);
			buildRules = (
			);
			dependencies = (
				65C8FC7B1C783C8300C11DD6 /* PBXTargetDependency */,
			);
			name = LagouGI;
			productName = LagouGI;
			productReference = 65B08FA61C77115700E674D1 /* LagouGI.app */;
			productType = "com.apple.product-type.application";
		};
		65B08FBC1C77115700E674D1 /* LagouGITests */ = {
			isa = PBXNativeTarget;
			buildConfigurationList = 65B08FC91C77115700E674D1 /* Build configuration list for PBXNativeTarget "LagouGITests" */;
			buildPhases = (
				65B08FB91C77115700E674D1 /* Sources */,
				65B08FBA1C77115700E674D1 /* Frameworks */,
				65B08FBB1C77115700E674D1 /* Resources */,
			);
			buildRules = (
			);
			dependencies = (
				65B08FBF1C77115700E674D1 /* PBXTargetDependency */,
			);
			name = LagouGITests;
			productName = LagouGITests;
			productReference = 65B08FBD1C77115700E674D1 /* LagouGITests.xctest */;
			productType = "com.apple.product-type.bundle.unit-test";
		};
		65C8FC721C783C8300C11DD6 /* LagouBlocker */ = {
			isa = PBXNativeTarget;
			buildConfigurationList = 65C8FC7D1C783C8300C11DD6 /* Build configuration list for PBXNativeTarget "LagouBlocker" */;
			buildPhases = (
				65C8FC6F1C783C8300C11DD6 /* Sources */,
				65C8FC701C783C8300C11DD6 /* Frameworks */,
				65C8FC711C783C8300C11DD6 /* Resources */,
			);
			buildRules = (
			);
			dependencies = (
			);
			name = LagouBlocker;
			productName = LagouBlocker;
			productReference = 65C8FC731C783C8300C11DD6 /* LagouBlocker.appex */;
			productType = "com.apple.product-type.app-extension";
		};
/* End PBXNativeTarget section */

/* Begin PBXProject section */
		65B08F9E1C77115700E674D1 /* Project object */ = {
			isa = PBXProject;
			attributes = {
				LastSwiftUpdateCheck = 0730;
				LastUpgradeCheck = 0730;
				ORGANIZATIONNAME = Bijiabo;
				TargetAttributes = {
					65B08FA51C77115700E674D1 = {
						CreatedOnToolsVersion = 7.3;
					};
					65B08FBC1C77115700E674D1 = {
						CreatedOnToolsVersion = 7.3;
						TestTargetID = 65B08FA51C77115700E674D1;
					};
					65C8FC721C783C8300C11DD6 = {
						CreatedOnToolsVersion = 7.3;
					};
				};
			};
			buildConfigurationList = 65B08FA11C77115700E674D1 /* Build configuration list for PBXProject "LagouGI" */;
			compatibilityVersion = "Xcode 3.2";
			developmentRegion = English;
			hasScannedForEncodings = 0;
			knownRegions = (
				en,
				Base,
			);
			mainGroup = 65B08F9D1C77115700E674D1;
			productRefGroup = 65B08FA71C77115700E674D1 /* Products */;
			projectDirPath = "";
			projectRoot = "";
			targets = (
				65B08FA51C77115700E674D1 /* LagouGI */,
				65B08FBC1C77115700E674D1 /* LagouGITests */,
				65C8FC721C783C8300C11DD6 /* LagouBlocker */,
			);
		};
/* End PBXProject section */

/* Begin PBXResourcesBuildPhase section */
		65B08FA41C77115700E674D1 /* Resources */ = {
			isa = PBXResourcesBuildPhase;
			buildActionMask = 2147483647;
			files = (
				65C8FC681C774DA600C11DD6 /* AMap.bundle in Resources */,
				65C8FC691C774DA600C11DD6 /* AMapNavi.bundle in Resources */,
				65B08FB71C77115700E674D1 /* LaunchScreen.storyboard in Resources */,
				65B08FB41C77115700E674D1 /* Assets.xcassets in Resources */,
				65B08FAF1C77115700E674D1 /* Main.storyboard in Resources */,
			);
			runOnlyForDeploymentPostprocessing = 0;
		};
		65B08FBB1C77115700E674D1 /* Resources */ = {
			isa = PBXResourcesBuildPhase;
			buildActionMask = 2147483647;
			files = (
			);
			runOnlyForDeploymentPostprocessing = 0;
		};
		65C8FC711C783C8300C11DD6 /* Resources */ = {
			isa = PBXResourcesBuildPhase;
			buildActionMask = 2147483647;
			files = (
				65C8FC761C783C8300C11DD6 /* blockerList.json in Resources */,
			);
			runOnlyForDeploymentPostprocessing = 0;
		};
/* End PBXResourcesBuildPhase section */

/* Begin PBXShellScriptBuildPhase section */
		65B4FAA41C771456008BF3A0 /* ShellScript */ = {
			isa = PBXShellScriptBuildPhase;
			buildActionMask = 2147483647;
			files = (
			);
			inputPaths = (
				"$(SRCROOT)/Carthage/Build/iOS/Alamofire.framework",
				"$(SRCROOT)/Carthage/Build/iOS/SwiftyJSON.framework",
				"$(SRCROOT)/Carthage/Build/iOS/Fuzi.framework",
			);
			outputPaths = (
			);
			runOnlyForDeploymentPostprocessing = 0;
			shellPath = /bin/sh;
			shellScript = "/usr/local/bin/carthage copy-frameworks";
		};
/* End PBXShellScriptBuildPhase section */

/* Begin PBXSourcesBuildPhase section */
		65B08FA21C77115700E674D1 /* Sources */ = {
			isa = PBXSourcesBuildPhase;
			buildActionMask = 2147483647;
			files = (
				6511DA241C77163C004EC1A3 /* PositionListTableViewController.swift in Sources */,
				6511DA251C77163C004EC1A3 /* PositionListTableViewCell.swift in Sources */,
				6511DA261C77163C004EC1A3 /* AMapSwift-Bridging-Header.h in Sources */,
				65C8FC6E1C7812C800C11DD6 /* WebBrowserViewController.swift in Sources */,
				6511DA271C77163C004EC1A3 /* Alamofire-SwiftyJSON.swift in Sources */,
				65B08FB21C77115700E674D1 /* LagouGI.xcdatamodeld in Sources */,
				65B08FAA1C77115700E674D1 /* AppDelegate.swift in Sources */,
			);
			runOnlyForDeploymentPostprocessing = 0;
		};
		65B08FB91C77115700E674D1 /* Sources */ = {
			isa = PBXSourcesBuildPhase;
			buildActionMask = 2147483647;
			files = (
				65B08FC21C77115700E674D1 /* LagouGITests.swift in Sources */,
			);
			runOnlyForDeploymentPostprocessing = 0;
		};
		65C8FC6F1C783C8300C11DD6 /* Sources */ = {
			isa = PBXSourcesBuildPhase;
			buildActionMask = 2147483647;
			files = (
				65C8FC781C783C8300C11DD6 /* ActionRequestHandler.swift in Sources */,
			);
			runOnlyForDeploymentPostprocessing = 0;
		};
/* End PBXSourcesBuildPhase section */

/* Begin PBXTargetDependency section */
		65B08FBF1C77115700E674D1 /* PBXTargetDependency */ = {
			isa = PBXTargetDependency;
			target = 65B08FA51C77115700E674D1 /* LagouGI */;
			targetProxy = 65B08FBE1C77115700E674D1 /* PBXContainerItemProxy */;
		};
		65C8FC7B1C783C8300C11DD6 /* PBXTargetDependency */ = {
			isa = PBXTargetDependency;
			target = 65C8FC721C783C8300C11DD6 /* LagouBlocker */;
			targetProxy = 65C8FC7A1C783C8300C11DD6 /* PBXContainerItemProxy */;
		};
/* End PBXTargetDependency section */

/* Begin PBXVariantGroup section */
		65B08FAD1C77115700E674D1 /* Main.storyboard */ = {
			isa = PBXVariantGroup;
			children = (
				65B08FAE1C77115700E674D1 /* Base */,
			);
			name = Main.storyboard;
			sourceTree = "<group>";
		};
		65B08FB51C77115700E674D1 /* LaunchScreen.storyboard */ = {
			isa = PBXVariantGroup;
			children = (
				65B08FB61C77115700E674D1 /* Base */,
			);
			name = LaunchScreen.storyboard;
			sourceTree = "<group>";
		};
/* End PBXVariantGroup section */

/* Begin XCBuildConfiguration section */
		65B08FC41C77115700E674D1 /* Debug */ = {
			isa = XCBuildConfiguration;
			buildSettings = {
				ALWAYS_SEARCH_USER_PATHS = NO;
				CLANG_CXX_LANGUAGE_STANDARD = "gnu++0x";
				CLANG_CXX_LIBRARY = "libc++";
				CLANG_ENABLE_MODULES = YES;
				CLANG_ENABLE_OBJC_ARC = YES;
				CLANG_WARN_BOOL_CONVERSION = YES;
				CLANG_WARN_CONSTANT_CONVERSION = YES;
				CLANG_WARN_DIRECT_OBJC_ISA_USAGE = YES_ERROR;
				CLANG_WARN_EMPTY_BODY = YES;
				CLANG_WARN_ENUM_CONVERSION = YES;
				CLANG_WARN_INT_CONVERSION = YES;
				CLANG_WARN_OBJC_ROOT_CLASS = YES_ERROR;
				CLANG_WARN_UNREACHABLE_CODE = YES;
				CLANG_WARN__DUPLICATE_METHOD_MATCH = YES;
				"CODE_SIGN_IDENTITY[sdk=iphoneos*]" = "iPhone Developer";
				COPY_PHASE_STRIP = NO;
				DEBUG_INFORMATION_FORMAT = dwarf;
				ENABLE_STRICT_OBJC_MSGSEND = YES;
				ENABLE_TESTABILITY = YES;
				GCC_C_LANGUAGE_STANDARD = gnu99;
				GCC_DYNAMIC_NO_PIC = NO;
				GCC_NO_COMMON_BLOCKS = YES;
				GCC_OPTIMIZATION_LEVEL = 0;
				GCC_PREPROCESSOR_DEFINITIONS = (
					"DEBUG=1",
					"$(inherited)",
				);
				GCC_WARN_64_TO_32_BIT_CONVERSION = YES;
				GCC_WARN_ABOUT_RETURN_TYPE = YES_ERROR;
				GCC_WARN_UNDECLARED_SELECTOR = YES;
				GCC_WARN_UNINITIALIZED_AUTOS = YES_AGGRESSIVE;
				GCC_WARN_UNUSED_FUNCTION = YES;
				GCC_WARN_UNUSED_VARIABLE = YES;
				IPHONEOS_DEPLOYMENT_TARGET = 8.0;
				MTL_ENABLE_DEBUG_INFO = YES;
				ONLY_ACTIVE_ARCH = YES;
				SDKROOT = iphoneos;
				SWIFT_OPTIMIZATION_LEVEL = "-Onone";
			};
			name = Debug;
		};
		65B08FC51C77115700E674D1 /* Release */ = {
			isa = XCBuildConfiguration;
			buildSettings = {
				ALWAYS_SEARCH_USER_PATHS = NO;
				CLANG_CXX_LANGUAGE_STANDARD = "gnu++0x";
				CLANG_CXX_LIBRARY = "libc++";
				CLANG_ENABLE_MODULES = YES;
				CLANG_ENABLE_OBJC_ARC = YES;
				CLANG_WARN_BOOL_CONVERSION = YES;
				CLANG_WARN_CONSTANT_CONVERSION = YES;
				CLANG_WARN_DIRECT_OBJC_ISA_USAGE = YES_ERROR;
				CLANG_WARN_EMPTY_BODY = YES;
				CLANG_WARN_ENUM_CONVERSION = YES;
				CLANG_WARN_INT_CONVERSION = YES;
				CLANG_WARN_OBJC_ROOT_CLASS = YES_ERROR;
				CLANG_WARN_UNREACHABLE_CODE = YES;
				CLANG_WARN__DUPLICATE_METHOD_MATCH = YES;
				"CODE_SIGN_IDENTITY[sdk=iphoneos*]" = "iPhone Developer";
				COPY_PHASE_STRIP = NO;
				DEBUG_INFORMATION_FORMAT = "dwarf-with-dsym";
				ENABLE_NS_ASSERTIONS = NO;
				ENABLE_STRICT_OBJC_MSGSEND = YES;
				GCC_C_LANGUAGE_STANDARD = gnu99;
				GCC_NO_COMMON_BLOCKS = YES;
				GCC_WARN_64_TO_32_BIT_CONVERSION = YES;
				GCC_WARN_ABOUT_RETURN_TYPE = YES_ERROR;
				GCC_WARN_UNDECLARED_SELECTOR = YES;
				GCC_WARN_UNINITIALIZED_AUTOS = YES_AGGRESSIVE;
				GCC_WARN_UNUSED_FUNCTION = YES;
				GCC_WARN_UNUSED_VARIABLE = YES;
				IPHONEOS_DEPLOYMENT_TARGET = 8.0;
				MTL_ENABLE_DEBUG_INFO = NO;
				SDKROOT = iphoneos;
				VALIDATE_PRODUCT = YES;
			};
			name = Release;
		};
		65B08FC71C77115700E674D1 /* Debug */ = {
			isa = XCBuildConfiguration;
			buildSettings = {
				ASSETCATALOG_COMPILER_APPICON_NAME = AppIcon;
				EMBEDDED_CONTENT_CONTAINS_SWIFT = YES;
				FRAMEWORK_SEARCH_PATHS = (
					"$(inherited)",
					"$(PROJECT_DIR)/Carthage/Build/iOS",
					"$(PROJECT_DIR)/SDK",
				);
				HEADER_SEARCH_PATHS = "$(SDKROOT)/usr/include/libxml2";
				INFOPLIST_FILE = LagouGI/Info.plist;
				IPHONEOS_DEPLOYMENT_TARGET = 8.0;
				LD_RUNPATH_SEARCH_PATHS = "$(inherited) @executable_path/Frameworks";
				OTHER_LDFLAGS = "-ObjC";
				PRODUCT_BUNDLE_IDENTIFIER = com.bijiabo.LagouGI;
				PRODUCT_NAME = "$(TARGET_NAME)";
				SWIFT_OBJC_BRIDGING_HEADER = "LagouGI/AMapSwift-Bridging-Header.h";
			};
			name = Debug;
		};
		65B08FC81C77115700E674D1 /* Release */ = {
			isa = XCBuildConfiguration;
			buildSettings = {
				ASSETCATALOG_COMPILER_APPICON_NAME = AppIcon;
				EMBEDDED_CONTENT_CONTAINS_SWIFT = YES;
				FRAMEWORK_SEARCH_PATHS = (
					"$(inherited)",
					"$(PROJECT_DIR)/Carthage/Build/iOS",
					"$(PROJECT_DIR)/SDK",
				);
				HEADER_SEARCH_PATHS = "$(SDKROOT)/usr/include/libxml2";
				INFOPLIST_FILE = LagouGI/Info.plist;
				IPHONEOS_DEPLOYMENT_TARGET = 8.0;
				LD_RUNPATH_SEARCH_PATHS = "$(inherited) @executable_path/Frameworks";
				OTHER_LDFLAGS = "-ObjC";
				PRODUCT_BUNDLE_IDENTIFIER = com.bijiabo.LagouGI;
				PRODUCT_NAME = "$(TARGET_NAME)";
				SWIFT_OBJC_BRIDGING_HEADER = "LagouGI/AMapSwift-Bridging-Header.h";
			};
			name = Release;
		};
		65B08FCA1C77115700E674D1 /* Debug */ = {
			isa = XCBuildConfiguration;
			buildSettings = {
				BUNDLE_LOADER = "$(TEST_HOST)";
				INFOPLIST_FILE = LagouGITests/Info.plist;
				LD_RUNPATH_SEARCH_PATHS = "$(inherited) @executable_path/Frameworks @loader_path/Frameworks";
				PRODUCT_BUNDLE_IDENTIFIER = com.bijiabo.LagouGITests;
				PRODUCT_NAME = "$(TARGET_NAME)";
				TEST_HOST = "$(BUILT_PRODUCTS_DIR)/LagouGI.app/LagouGI";
			};
			name = Debug;
		};
		65B08FCB1C77115700E674D1 /* Release */ = {
			isa = XCBuildConfiguration;
			buildSettings = {
				BUNDLE_LOADER = "$(TEST_HOST)";
				INFOPLIST_FILE = LagouGITests/Info.plist;
				LD_RUNPATH_SEARCH_PATHS = "$(inherited) @executable_path/Frameworks @loader_path/Frameworks";
				PRODUCT_BUNDLE_IDENTIFIER = com.bijiabo.LagouGITests;
				PRODUCT_NAME = "$(TARGET_NAME)";
				TEST_HOST = "$(BUILT_PRODUCTS_DIR)/LagouGI.app/LagouGI";
			};
			name = Release;
		};
		65C8FC7E1C783C8300C11DD6 /* Debug */ = {
			isa = XCBuildConfiguration;
			buildSettings = {
				ARCHS = "$(ARCHS_STANDARD_64_BIT)";
				INFOPLIST_FILE = LagouBlocker/Info.plist;
				IPHONEOS_DEPLOYMENT_TARGET = 9.3;
				LD_RUNPATH_SEARCH_PATHS = "$(inherited) @executable_path/Frameworks @executable_path/../../Frameworks";
				PRODUCT_BUNDLE_IDENTIFIER = com.bijiabo.LagouGI.LagouBlocker;
				PRODUCT_NAME = "$(TARGET_NAME)";
				SKIP_INSTALL = YES;
			};
			name = Debug;
		};
		65C8FC7F1C783C8300C11DD6 /* Release */ = {
			isa = XCBuildConfiguration;
			buildSettings = {
				ARCHS = "$(ARCHS_STANDARD_64_BIT)";
				INFOPLIST_FILE = LagouBlocker/Info.plist;
				IPHONEOS_DEPLOYMENT_TARGET = 9.3;
				LD_RUNPATH_SEARCH_PATHS = "$(inherited) @executable_path/Frameworks @executable_path/../../Frameworks";
				PRODUCT_BUNDLE_IDENTIFIER = com.bijiabo.LagouGI.LagouBlocker;
				PRODUCT_NAME = "$(TARGET_NAME)";
				SKIP_INSTALL = YES;
			};
			name = Release;
		};
/* End XCBuildConfiguration section */

/* Begin XCConfigurationList section */
		65B08FA11C77115700E674D1 /* Build configuration list for PBXProject "LagouGI" */ = {
			isa = XCConfigurationList;
			buildConfigurations = (
				65B08FC41C77115700E674D1 /* Debug */,
				65B08FC51C77115700E674D1 /* Release */,
			);
			defaultConfigurationIsVisible = 0;
			defaultConfigurationName = Release;
		};
		65B08FC61C77115700E674D1 /* Build configuration list for PBXNativeTarget "LagouGI" */ = {
			isa = XCConfigurationList;
			buildConfigurations = (
				65B08FC71C77115700E674D1 /* Debug */,
				65B08FC81C77115700E674D1 /* Release */,
			);
			defaultConfigurationIsVisible = 0;
			defaultConfigurationName = Release;
		};
		65B08FC91C77115700E674D1 /* Build configuration list for PBXNativeTarget "LagouGITests" */ = {
			isa = XCConfigurationList;
			buildConfigurations = (
				65B08FCA1C77115700E674D1 /* Debug */,
				65B08FCB1C77115700E674D1 /* Release */,
			);
			defaultConfigurationIsVisible = 0;
			defaultConfigurationName = Release;
		};
		65C8FC7D1C783C8300C11DD6 /* Build configuration list for PBXNativeTarget "LagouBlocker" */ = {
			isa = XCConfigurationList;
			buildConfigurations = (
				65C8FC7E1C783C8300C11DD6 /* Debug */,
				65C8FC7F1C783C8300C11DD6 /* Release */,
			);
			defaultConfigurationIsVisible = 0;
		};
/* End XCConfigurationList section */

/* Begin XCVersionGroup section */
		65B08FB01C77115700E674D1 /* LagouGI.xcdatamodeld */ = {
			isa = XCVersionGroup;
			children = (
				65B08FB11C77115700E674D1 /* LagouGI.xcdatamodel */,
			);
			currentVersion = 65B08FB11C77115700E674D1 /* LagouGI.xcdatamodel */;
			path = LagouGI.xcdatamodeld;
			sourceTree = "<group>";
			versionGroupType = wrapper.xcdatamodel;
		};
/* End XCVersionGroup section */
	};
	rootObject = 65B08F9E1C77115700E674D1 /* Project object */;
}
